
Microsoft Visual Studio Solution File, Format Version 12.00
# Visual Studio 15
VisualStudioVersion = 15.0.28010.2050
MinimumVisualStudioVersion = 10.0.40219.1
Project("{2150E333-8FDC-42A3-9474-1A3956D46DE8}") = "src", "src", "{08872DE1-DDA7-4520-83EF-8FC73279AEAA}"
EndProject
Project("{2150E333-8FDC-42A3-9474-1A3956D46DE8}") = "build", "build", "{4FD19420-8109-4168-8E61-EC90A3AB402B}"
	ProjectSection(SolutionItems) = preProject
		src\Directory.Build.props = src\Directory.Build.props
	EndProjectSection
EndProject
Project("{2150E333-8FDC-42A3-9474-1A3956D46DE8}") = "test", "test", "{39F8113C-A294-4947-AAB5-7541AE51A934}"
EndProject
Project("{9A19103F-16F7-4668-BE54-9A1E7A4F7556}") = "Data.Core", "src\Data.Core\Data.Core.csproj", "{E374F4AB-8037-47A9-A374-698DADBC4B60}"
EndProject
Project("{9A19103F-16F7-4668-BE54-9A1E7A4F7556}") = "Data.MySql", "src\Data.MySql\Data.MySql.csproj", "{793146FD-BE37-4DB0-B34D-65B9280156C8}"
EndProject
Project("{9A19103F-16F7-4668-BE54-9A1E7A4F7556}") = "Data.SQLite", "src\Data.SQLite\Data.SQLite.csproj", "{1333295F-4E7C-47E9-9342-AEFC44CFF16C}"
EndProject
Project("{9A19103F-16F7-4668-BE54-9A1E7A4F7556}") = "Data.SqlServer", "src\Data.SqlServer\Data.SqlServer.csproj", "{DB0890E3-FAF7-4713-B306-C26678F8BBF5}"
EndProject
Project("{9A19103F-16F7-4668-BE54-9A1E7A4F7556}") = "Data.Test.Common", "test\Data.Test.Common\Data.Test.Common.csproj", "{B2AF1EB9-898E-4EC4-A75A-D67073FCE293}"
EndProject
Project("{9A19103F-16F7-4668-BE54-9A1E7A4F7556}") = "Data.Test.SQLite", "test\Data.Test.SQLite\Data.Test.SQLite.csproj", "{19F6CD5E-8514-4750-84A6-0410E1AD5ABB}"
EndProject
Project("{9A19103F-16F7-4668-BE54-9A1E7A4F7556}") = "Data.Test.SqlServer", "test\Data.Test.SqlServer\Data.Test.SqlServer.csproj", "{E647172C-7974-4389-9816-5F343E2BE77E}"
EndProject
Global
	GlobalSection(SolutionConfigurationPlatforms) = preSolution
		Debug|Any CPU = Debug|Any CPU
		Release|Any CPU = Release|Any CPU
	EndGlobalSection
	GlobalSection(ProjectConfigurationPlatforms) = postSolution
		{E374F4AB-8037-47A9-A374-698DADBC4B60}.Debug|Any CPU.ActiveCfg = Debug|Any CPU
		{E374F4AB-8037-47A9-A374-698DADBC4B60}.Debug|Any CPU.Build.0 = Debug|Any CPU
		{E374F4AB-8037-47A9-A374-698DADBC4B60}.Release|Any CPU.ActiveCfg = Release|Any CPU
		{E374F4AB-8037-47A9-A374-698DADBC4B60}.Release|Any CPU.Build.0 = Release|Any CPU
		{793146FD-BE37-4DB0-B34D-65B9280156C8}.Debug|Any CPU.ActiveCfg = Debug|Any CPU
		{793146FD-BE37-4DB0-B34D-65B9280156C8}.Debug|Any CPU.Build.0 = Debug|Any CPU
		{793146FD-BE37-4DB0-B34D-65B9280156C8}.Release|Any CPU.ActiveCfg = Release|Any CPU
		{793146FD-BE37-4DB0-B34D-65B9280156C8}.Release|Any CPU.Build.0 = Release|Any CPU
		{1333295F-4E7C-47E9-9342-AEFC44CFF16C}.Debug|Any CPU.ActiveCfg = Debug|Any CPU
		{1333295F-4E7C-47E9-9342-AEFC44CFF16C}.Debug|Any CPU.Build.0 = Debug|Any CPU
		{1333295F-4E7C-47E9-9342-AEFC44CFF16C}.Release|Any CPU.ActiveCfg = Release|Any CPU
		{1333295F-4E7C-47E9-9342-AEFC44CFF16C}.Release|Any CPU.Build.0 = Release|Any CPU
		{DB0890E3-FAF7-4713-B306-C26678F8BBF5}.Debug|Any CPU.ActiveCfg = Debug|Any CPU
		{DB0890E3-FAF7-4713-B306-C26678F8BBF5}.Debug|Any CPU.Build.0 = Debug|Any CPU
		{DB0890E3-FAF7-4713-B306-C26678F8BBF5}.Release|Any CPU.ActiveCfg = Release|Any CPU
		{DB0890E3-FAF7-4713-B306-C26678F8BBF5}.Release|Any CPU.Build.0 = Release|Any CPU
		{B2AF1EB9-898E-4EC4-A75A-D67073FCE293}.Debug|Any CPU.ActiveCfg = Debug|Any CPU
		{B2AF1EB9-898E-4EC4-A75A-D67073FCE293}.Debug|Any CPU.Build.0 = Debug|Any CPU
		{B2AF1EB9-898E-4EC4-A75A-D67073FCE293}.Release|Any CPU.ActiveCfg = Release|Any CPU
		{B2AF1EB9-898E-4EC4-A75A-D67073FCE293}.Release|Any CPU.Build.0 = Release|Any CPU
		{19F6CD5E-8514-4750-84A6-0410E1AD5ABB}.Debug|Any CPU.ActiveCfg = Debug|Any CPU
		{19F6CD5E-8514-4750-84A6-0410E1AD5ABB}.Debug|Any CPU.Build.0 = Debug|Any CPU
		{19F6CD5E-8514-4750-84A6-0410E1AD5ABB}.Release|Any CPU.ActiveCfg = Release|Any CPU
		{19F6CD5E-8514-4750-84A6-0410E1AD5ABB}.Release|Any CPU.Build.0 = Release|Any CPU
		{E647172C-7974-4389-9816-5F343E2BE77E}.Debug|Any CPU.ActiveCfg = Debug|Any CPU
		{E647172C-7974-4389-9816-5F343E2BE77E}.Debug|Any CPU.Build.0 = Debug|Any CPU
		{E647172C-7974-4389-9816-5F343E2BE77E}.Release|Any CPU.ActiveCfg = Release|Any CPU
		{E647172C-7974-4389-9816-5F343E2BE77E}.Release|Any CPU.Build.0 = Release|Any CPU
	EndGlobalSection
	GlobalSection(SolutionProperties) = preSolution
		HideSolutionNode = FALSE
	EndGlobalSection
	GlobalSection(NestedProjects) = preSolution
		{E374F4AB-8037-47A9-A374-698DADBC4B60} = {08872DE1-DDA7-4520-83EF-8FC73279AEAA}
		{793146FD-BE37-4DB0-B34D-65B9280156C8} = {08872DE1-DDA7-4520-83EF-8FC73279AEAA}
		{1333295F-4E7C-47E9-9342-AEFC44CFF16C} = {08872DE1-DDA7-4520-83EF-8FC73279AEAA}
		{DB0890E3-FAF7-4713-B306-C26678F8BBF5} = {08872DE1-DDA7-4520-83EF-8FC73279AEAA}
		{B2AF1EB9-898E-4EC4-A75A-D67073FCE293} = {39F8113C-A294-4947-AAB5-7541AE51A934}
		{19F6CD5E-8514-4750-84A6-0410E1AD5ABB} = {39F8113C-A294-4947-AAB5-7541AE51A934}
		{E647172C-7974-4389-9816-5F343E2BE77E} = {39F8113C-A294-4947-AAB5-7541AE51A934}
	EndGlobalSection
	GlobalSection(ExtensibilityGlobals) = postSolution
		SolutionGuid = {7F4DBA1C-0B8F-4A48-A32F-FCD9F6841964}
	EndGlobalSection
EndGlobal
