
Microsoft Visual Studio Solution File, Format Version 12.00
# Visual Studio 15
VisualStudioVersion = 15.0.28010.2050
MinimumVisualStudioVersion = 10.0.40219.1
Project("{2150E333-8FDC-42A3-9474-1A3956D46DE8}") = "src", "src", "{08872DE1-DDA7-4520-83EF-8FC73279AEAA}"
EndProject
Project("{2150E333-8FDC-42A3-9474-1A3956D46DE8}") = "build", "build", "{4FD19420-8109-4168-8E61-EC90A3AB402B}"
	ProjectSection(SolutionItems) = preProject
		src\Directory.Build.props = src\Directory.Build.props
		src\Directory.Build.targets = src\Directory.Build.targets
	EndProjectSection
EndProject
Project("{2150E333-8FDC-42A3-9474-1A3956D46DE8}") = "test", "test", "{39F8113C-A294-4947-AAB5-7541AE51A934}"
EndProject
Project("{2150E333-8FDC-42A3-9474-1A3956D46DE8}") = "Core", "Core", "{B406C24F-DAE9-44F5-9377-7511A29ECCAD}"
EndProject
Project("{2150E333-8FDC-42A3-9474-1A3956D46DE8}") = "Solution Items", "Solution Items", "{1DFF02FE-8123-45A8-82AC-70EE21BD78B1}"
	ProjectSection(SolutionItems) = preProject
		README.md = README.md
	EndProjectSection
EndProject
Project("{9A19103F-16F7-4668-BE54-9A1E7A4F7556}") = "Data.Test", "test\Data.Test\Data.Test.csproj", "{A1ABDA5E-C614-4BCA-9979-F58C62A5B982}"
EndProject
Project("{9A19103F-16F7-4668-BE54-9A1E7A4F7556}") = "Abstractions", "src\Abstractions\Abstractions.csproj", "{D66D96D8-7F30-493D-B526-2688048C5465}"
EndProject
Project("{9A19103F-16F7-4668-BE54-9A1E7A4F7556}") = "Core", "src\Core\Core.csproj", "{E2AA6541-D69F-46FC-BDDF-70EE4B272273}"
EndProject
Project("{9A19103F-16F7-4668-BE54-9A1E7A4F7556}") = "MySql", "src\MySql\MySql.csproj", "{09B83286-C9E1-4EC7-9225-8449C15061F2}"
EndProject
Project("{9A19103F-16F7-4668-BE54-9A1E7A4F7556}") = "SQLite", "src\SQLite\SQLite.csproj", "{65500063-8D0C-4FF1-B825-47AA586EED11}"
EndProject
Project("{9A19103F-16F7-4668-BE54-9A1E7A4F7556}") = "SqlServer", "src\SqlServer\SqlServer.csproj", "{1B1B4629-01B7-4C55-B2F0-236275CCA1F8}"
EndProject
Project("{9A19103F-16F7-4668-BE54-9A1E7A4F7556}") = "Query", "src\Query\Query.csproj", "{04759EA7-B1DE-413B-A98C-4E111F52DC82}"
EndProject
Global
	GlobalSection(SolutionConfigurationPlatforms) = preSolution
		Debug|Any CPU = Debug|Any CPU
		Release|Any CPU = Release|Any CPU
	EndGlobalSection
	GlobalSection(ProjectConfigurationPlatforms) = postSolution
		{A1ABDA5E-C614-4BCA-9979-F58C62A5B982}.Debug|Any CPU.ActiveCfg = Debug|Any CPU
		{A1ABDA5E-C614-4BCA-9979-F58C62A5B982}.Debug|Any CPU.Build.0 = Debug|Any CPU
		{A1ABDA5E-C614-4BCA-9979-F58C62A5B982}.Release|Any CPU.ActiveCfg = Release|Any CPU
		{A1ABDA5E-C614-4BCA-9979-F58C62A5B982}.Release|Any CPU.Build.0 = Release|Any CPU
		{D66D96D8-7F30-493D-B526-2688048C5465}.Debug|Any CPU.ActiveCfg = Debug|Any CPU
		{D66D96D8-7F30-493D-B526-2688048C5465}.Debug|Any CPU.Build.0 = Debug|Any CPU
		{D66D96D8-7F30-493D-B526-2688048C5465}.Release|Any CPU.ActiveCfg = Release|Any CPU
		{D66D96D8-7F30-493D-B526-2688048C5465}.Release|Any CPU.Build.0 = Release|Any CPU
		{E2AA6541-D69F-46FC-BDDF-70EE4B272273}.Debug|Any CPU.ActiveCfg = Debug|Any CPU
		{E2AA6541-D69F-46FC-BDDF-70EE4B272273}.Debug|Any CPU.Build.0 = Debug|Any CPU
		{E2AA6541-D69F-46FC-BDDF-70EE4B272273}.Release|Any CPU.ActiveCfg = Release|Any CPU
		{E2AA6541-D69F-46FC-BDDF-70EE4B272273}.Release|Any CPU.Build.0 = Release|Any CPU
		{09B83286-C9E1-4EC7-9225-8449C15061F2}.Debug|Any CPU.ActiveCfg = Debug|Any CPU
		{09B83286-C9E1-4EC7-9225-8449C15061F2}.Debug|Any CPU.Build.0 = Debug|Any CPU
		{09B83286-C9E1-4EC7-9225-8449C15061F2}.Release|Any CPU.ActiveCfg = Release|Any CPU
		{09B83286-C9E1-4EC7-9225-8449C15061F2}.Release|Any CPU.Build.0 = Release|Any CPU
		{65500063-8D0C-4FF1-B825-47AA586EED11}.Debug|Any CPU.ActiveCfg = Debug|Any CPU
		{65500063-8D0C-4FF1-B825-47AA586EED11}.Debug|Any CPU.Build.0 = Debug|Any CPU
		{65500063-8D0C-4FF1-B825-47AA586EED11}.Release|Any CPU.ActiveCfg = Release|Any CPU
		{65500063-8D0C-4FF1-B825-47AA586EED11}.Release|Any CPU.Build.0 = Release|Any CPU
		{1B1B4629-01B7-4C55-B2F0-236275CCA1F8}.Debug|Any CPU.ActiveCfg = Debug|Any CPU
		{1B1B4629-01B7-4C55-B2F0-236275CCA1F8}.Debug|Any CPU.Build.0 = Debug|Any CPU
		{1B1B4629-01B7-4C55-B2F0-236275CCA1F8}.Release|Any CPU.ActiveCfg = Release|Any CPU
		{1B1B4629-01B7-4C55-B2F0-236275CCA1F8}.Release|Any CPU.Build.0 = Release|Any CPU
		{04759EA7-B1DE-413B-A98C-4E111F52DC82}.Debug|Any CPU.ActiveCfg = Debug|Any CPU
		{04759EA7-B1DE-413B-A98C-4E111F52DC82}.Debug|Any CPU.Build.0 = Debug|Any CPU
		{04759EA7-B1DE-413B-A98C-4E111F52DC82}.Release|Any CPU.ActiveCfg = Release|Any CPU
		{04759EA7-B1DE-413B-A98C-4E111F52DC82}.Release|Any CPU.Build.0 = Release|Any CPU
	EndGlobalSection
	GlobalSection(SolutionProperties) = preSolution
		HideSolutionNode = FALSE
	EndGlobalSection
	GlobalSection(NestedProjects) = preSolution
		{B406C24F-DAE9-44F5-9377-7511A29ECCAD} = {08872DE1-DDA7-4520-83EF-8FC73279AEAA}
		{A1ABDA5E-C614-4BCA-9979-F58C62A5B982} = {39F8113C-A294-4947-AAB5-7541AE51A934}
		{D66D96D8-7F30-493D-B526-2688048C5465} = {B406C24F-DAE9-44F5-9377-7511A29ECCAD}
		{E2AA6541-D69F-46FC-BDDF-70EE4B272273} = {B406C24F-DAE9-44F5-9377-7511A29ECCAD}
		{09B83286-C9E1-4EC7-9225-8449C15061F2} = {B406C24F-DAE9-44F5-9377-7511A29ECCAD}
		{65500063-8D0C-4FF1-B825-47AA586EED11} = {B406C24F-DAE9-44F5-9377-7511A29ECCAD}
		{1B1B4629-01B7-4C55-B2F0-236275CCA1F8} = {B406C24F-DAE9-44F5-9377-7511A29ECCAD}
		{04759EA7-B1DE-413B-A98C-4E111F52DC82} = {08872DE1-DDA7-4520-83EF-8FC73279AEAA}
	EndGlobalSection
	GlobalSection(ExtensibilityGlobals) = postSolution
		SolutionGuid = {7F4DBA1C-0B8F-4A48-A32F-FCD9F6841964}
	EndGlobalSection
EndGlobal
