
Microsoft Visual Studio Solution File, Format Version 12.00
# Visual Studio 15
VisualStudioVersion = 15.0.28010.2050
MinimumVisualStudioVersion = 10.0.40219.1
Project("{2150E333-8FDC-42A3-9474-1A3956D46DE8}") = "src", "src", "{08872DE1-DDA7-4520-83EF-8FC73279AEAA}"
EndProject
Project("{2150E333-8FDC-42A3-9474-1A3956D46DE8}") = "build", "build", "{4FD19420-8109-4168-8E61-EC90A3AB402B}"
	ProjectSection(SolutionItems) = preProject
		src\Directory.Build.props = src\Directory.Build.props
	EndProjectSection
EndProject
Project("{2150E333-8FDC-42A3-9474-1A3956D46DE8}") = "test", "test", "{39F8113C-A294-4947-AAB5-7541AE51A934}"
EndProject
Project("{9A19103F-16F7-4668-BE54-9A1E7A4F7556}") = "Data.Test.Common", "test\Data.Test.Common\Data.Test.Common.csproj", "{B2AF1EB9-898E-4EC4-A75A-D67073FCE293}"
EndProject
Project("{9A19103F-16F7-4668-BE54-9A1E7A4F7556}") = "Data.Test.SQLite", "test\Data.Test.SQLite\Data.Test.SQLite.csproj", "{19F6CD5E-8514-4750-84A6-0410E1AD5ABB}"
EndProject
Project("{9A19103F-16F7-4668-BE54-9A1E7A4F7556}") = "Data.Test.SqlServer", "test\Data.Test.SqlServer\Data.Test.SqlServer.csproj", "{E647172C-7974-4389-9816-5F343E2BE77E}"
EndProject
Project("{9A19103F-16F7-4668-BE54-9A1E7A4F7556}") = "Core", "src\Core\Core.csproj", "{CD868CB7-A9D3-47B3-9519-90793D37634C}"
EndProject
Project("{9A19103F-16F7-4668-BE54-9A1E7A4F7556}") = "MySql", "src\MySql\MySql.csproj", "{B36885DF-3B3C-454E-B0A0-839CD3D53D45}"
EndProject
Project("{9A19103F-16F7-4668-BE54-9A1E7A4F7556}") = "SQLite", "src\SQLite\SQLite.csproj", "{1683F371-03D1-4E0F-B6AE-5E146D5E059B}"
EndProject
Project("{9A19103F-16F7-4668-BE54-9A1E7A4F7556}") = "SqlServer", "src\SqlServer\SqlServer.csproj", "{1EC40B0B-C4D8-4F4D-8584-1059351F3F18}"
EndProject
Global
	GlobalSection(SolutionConfigurationPlatforms) = preSolution
		Debug|Any CPU = Debug|Any CPU
		Release|Any CPU = Release|Any CPU
	EndGlobalSection
	GlobalSection(ProjectConfigurationPlatforms) = postSolution
		{B2AF1EB9-898E-4EC4-A75A-D67073FCE293}.Debug|Any CPU.ActiveCfg = Debug|Any CPU
		{B2AF1EB9-898E-4EC4-A75A-D67073FCE293}.Debug|Any CPU.Build.0 = Debug|Any CPU
		{B2AF1EB9-898E-4EC4-A75A-D67073FCE293}.Release|Any CPU.ActiveCfg = Release|Any CPU
		{B2AF1EB9-898E-4EC4-A75A-D67073FCE293}.Release|Any CPU.Build.0 = Release|Any CPU
		{19F6CD5E-8514-4750-84A6-0410E1AD5ABB}.Debug|Any CPU.ActiveCfg = Debug|Any CPU
		{19F6CD5E-8514-4750-84A6-0410E1AD5ABB}.Debug|Any CPU.Build.0 = Debug|Any CPU
		{19F6CD5E-8514-4750-84A6-0410E1AD5ABB}.Release|Any CPU.ActiveCfg = Release|Any CPU
		{19F6CD5E-8514-4750-84A6-0410E1AD5ABB}.Release|Any CPU.Build.0 = Release|Any CPU
		{E647172C-7974-4389-9816-5F343E2BE77E}.Debug|Any CPU.ActiveCfg = Debug|Any CPU
		{E647172C-7974-4389-9816-5F343E2BE77E}.Debug|Any CPU.Build.0 = Debug|Any CPU
		{E647172C-7974-4389-9816-5F343E2BE77E}.Release|Any CPU.ActiveCfg = Release|Any CPU
		{E647172C-7974-4389-9816-5F343E2BE77E}.Release|Any CPU.Build.0 = Release|Any CPU
		{CD868CB7-A9D3-47B3-9519-90793D37634C}.Debug|Any CPU.ActiveCfg = Debug|Any CPU
		{CD868CB7-A9D3-47B3-9519-90793D37634C}.Debug|Any CPU.Build.0 = Debug|Any CPU
		{CD868CB7-A9D3-47B3-9519-90793D37634C}.Release|Any CPU.ActiveCfg = Release|Any CPU
		{CD868CB7-A9D3-47B3-9519-90793D37634C}.Release|Any CPU.Build.0 = Release|Any CPU
		{B36885DF-3B3C-454E-B0A0-839CD3D53D45}.Debug|Any CPU.ActiveCfg = Debug|Any CPU
		{B36885DF-3B3C-454E-B0A0-839CD3D53D45}.Debug|Any CPU.Build.0 = Debug|Any CPU
		{B36885DF-3B3C-454E-B0A0-839CD3D53D45}.Release|Any CPU.ActiveCfg = Release|Any CPU
		{B36885DF-3B3C-454E-B0A0-839CD3D53D45}.Release|Any CPU.Build.0 = Release|Any CPU
		{1683F371-03D1-4E0F-B6AE-5E146D5E059B}.Debug|Any CPU.ActiveCfg = Debug|Any CPU
		{1683F371-03D1-4E0F-B6AE-5E146D5E059B}.Debug|Any CPU.Build.0 = Debug|Any CPU
		{1683F371-03D1-4E0F-B6AE-5E146D5E059B}.Release|Any CPU.ActiveCfg = Release|Any CPU
		{1683F371-03D1-4E0F-B6AE-5E146D5E059B}.Release|Any CPU.Build.0 = Release|Any CPU
		{1EC40B0B-C4D8-4F4D-8584-1059351F3F18}.Debug|Any CPU.ActiveCfg = Debug|Any CPU
		{1EC40B0B-C4D8-4F4D-8584-1059351F3F18}.Debug|Any CPU.Build.0 = Debug|Any CPU
		{1EC40B0B-C4D8-4F4D-8584-1059351F3F18}.Release|Any CPU.ActiveCfg = Release|Any CPU
		{1EC40B0B-C4D8-4F4D-8584-1059351F3F18}.Release|Any CPU.Build.0 = Release|Any CPU
	EndGlobalSection
	GlobalSection(SolutionProperties) = preSolution
		HideSolutionNode = FALSE
	EndGlobalSection
	GlobalSection(NestedProjects) = preSolution
		{B2AF1EB9-898E-4EC4-A75A-D67073FCE293} = {39F8113C-A294-4947-AAB5-7541AE51A934}
		{19F6CD5E-8514-4750-84A6-0410E1AD5ABB} = {39F8113C-A294-4947-AAB5-7541AE51A934}
		{E647172C-7974-4389-9816-5F343E2BE77E} = {39F8113C-A294-4947-AAB5-7541AE51A934}
		{CD868CB7-A9D3-47B3-9519-90793D37634C} = {08872DE1-DDA7-4520-83EF-8FC73279AEAA}
		{B36885DF-3B3C-454E-B0A0-839CD3D53D45} = {08872DE1-DDA7-4520-83EF-8FC73279AEAA}
		{1683F371-03D1-4E0F-B6AE-5E146D5E059B} = {08872DE1-DDA7-4520-83EF-8FC73279AEAA}
		{1EC40B0B-C4D8-4F4D-8584-1059351F3F18} = {08872DE1-DDA7-4520-83EF-8FC73279AEAA}
	EndGlobalSection
	GlobalSection(ExtensibilityGlobals) = postSolution
		SolutionGuid = {7F4DBA1C-0B8F-4A48-A32F-FCD9F6841964}
	EndGlobalSection
EndGlobal
